
Microsoft Visual Studio Solution File, Format Version 12.00
# Visual Studio 2012
Project("{FAE04EC0-301F-11D3-BF4B-00C04F79EFBC}") = "BulkDownload", "BulkDownload.csproj", "{FB244B68-83DC-4601-84A0-476F5D459B0D}"
EndProject
Global
	GlobalSection(SolutionConfigurationPlatforms) = preSolution
		Debug|Any CPU = Debug|Any CPU
		Release|Any CPU = Release|Any CPU
	EndGlobalSection
	GlobalSection(ProjectConfigurationPlatforms) = postSolution
		{FB244B68-83DC-4601-84A0-476F5D459B0D}.Debug|Any CPU.ActiveCfg = Debug|Any CPU
		{FB244B68-83DC-4601-84A0-476F5D459B0D}.Debug|Any CPU.Build.0 = Debug|Any CPU
		{FB244B68-83DC-4601-84A0-476F5D459B0D}.Debug|Any CPU.Deploy.0 = Debug|Any CPU
		{FB244B68-83DC-4601-84A0-476F5D459B0D}.Release|Any CPU.ActiveCfg = Release|Any CPU
		{FB244B68-83DC-4601-84A0-476F5D459B0D}.Release|Any CPU.Build.0 = Release|Any CPU
		{FB244B68-83DC-4601-84A0-476F5D459B0D}.Release|Any CPU.Deploy.0 = Release|Any CPU
	EndGlobalSection
	GlobalSection(SolutionProperties) = preSolution
		HideSolutionNode = FALSE
	EndGlobalSection
EndGlobal
